{
  "name": "translator",
  "version": "1.0.0",
  "lockfileVersion": 3,
  "requires": true,
  "packages": {
    "": {
      "name": "translator",
      "version": "1.0.0",
      "license": "ISC",
      "dependencies": {
        "translate": "^2.0.2"
      }
    },
    "node_modules/translate": {
      "version": "2.0.2",
      "resolved": "https://registry.npmjs.org/translate/-/translate-2.0.2.tgz",
      "integrity": "sha512-K07zjM146c2RYbdlG0xCNGkE6WPdcWjdWX55SOpHzgIq9Elj+LvvXDAfbeQ8gSfkrluaGahnNv2pYfq82UiBDQ==",
      "funding": {
        "url": "https://www.paypal.me/franciscopresencia/19"
      }
    }
  }
}
